// !$*UTF8*$!
{
	archiveVersion = 1;
	classes = {
	};
	objectVersion = 56;
	objects = {

/* Begin PBXBuildFile section */
		170D51892C69E5C900044598 /* AppDelegate.swift in Sources */ = {isa = PBXBuildFile; fileRef = 170D51882C69E5C900044598 /* AppDelegate.swift */; };
		170D518B2C69E5C900044598 /* SceneDelegate.swift in Sources */ = {isa = PBXBuildFile; fileRef = 170D518A2C69E5C900044598 /* SceneDelegate.swift */; };
		170D518D2C69E5C900044598 /* ViewController.swift in Sources */ = {isa = PBXBuildFile; fileRef = 170D518C2C69E5C900044598 /* ViewController.swift */; };
		170D51902C69E5C900044598 /* Base in Resources */ = {isa = PBXBuildFile; fileRef = 170D518F2C69E5C900044598 /* Base */; };
		170D51922C69E5CA00044598 /* Assets.xcassets in Resources */ = {isa = PBXBuildFile; fileRef = 170D51912C69E5CA00044598 /* Assets.xcassets */; };
		170D51952C69E5CA00044598 /* Base in Resources */ = {isa = PBXBuildFile; fileRef = 170D51942C69E5CA00044598 /* Base */; };
		170D51A02C69EF5100044598 /* MobileNetV2.mlmodel in Sources */ = {isa = PBXBuildFile; fileRef = 170D519C2C69EF5100044598 /* MobileNetV2.mlmodel */; };
		170D51A12C69EF5100044598 /* MobileNetV2FP16.mlmodel in Sources */ = {isa = PBXBuildFile; fileRef = 170D519D2C69EF5100044598 /* MobileNetV2FP16.mlmodel */; };
		170D51A22C69EF5100044598 /* MobileNetV2Int8LUT.mlmodel in Sources */ = {isa = PBXBuildFile; fileRef = 170D519E2C69EF5100044598 /* MobileNetV2Int8LUT.mlmodel */; };
		170D51A42C6A05B000044598 /* ImagePredictor.swift in Sources */ = {isa = PBXBuildFile; fileRef = 170D51A32C6A05B000044598 /* ImagePredictor.swift */; };
		170D51A72C6A07CA00044598 /* CGImagePropertyOrientation+UIImageOrientation.swift in Sources */ = {isa = PBXBuildFile; fileRef = 170D51A52C6A07CA00044598 /* CGImagePropertyOrientation+UIImageOrientation.swift */; };
		170D51A82C6A07CA00044598 /* VNClassificationObservation+confidenceString.swift in Sources */ = {isa = PBXBuildFile; fileRef = 170D51A62C6A07CA00044598 /* VNClassificationObservation+confidenceString.swift */; };
		1756AC612C75C94C00E83F9B /* spark.png in Resources */ = {isa = PBXBuildFile; fileRef = 1756AC602C75C94C00E83F9B /* spark.png */; };
		1756AC632C75CA7200E83F9B /* explosion.png in Resources */ = {isa = PBXBuildFile; fileRef = 1756AC622C75CA7200E83F9B /* explosion.png */; };
		1756AC652C75D44200E83F9B /* lamp.png in Resources */ = {isa = PBXBuildFile; fileRef = 1756AC642C75D44100E83F9B /* lamp.png */; };
		783D1BA64136AE81C09783D8 /* Pods_coreMLTest.framework in Frameworks */ = {isa = PBXBuildFile; fileRef = AD67857EEDF8F8B8D75EC4B7 /* Pods_coreMLTest.framework */; };
/* End PBXBuildFile section */

/* Begin PBXFileReference section */
		170D51852C69E5C900044598 /* coreMLTest.app */ = {isa = PBXFileReference; explicitFileType = wrapper.application; includeInIndex = 0; path = coreMLTest.app; sourceTree = BUILT_PRODUCTS_DIR; };
		170D51882C69E5C900044598 /* AppDelegate.swift */ = {isa = PBXFileReference; lastKnownFileType = sourcecode.swift; path = AppDelegate.swift; sourceTree = "<group>"; };
		170D518A2C69E5C900044598 /* SceneDelegate.swift */ = {isa = PBXFileReference; lastKnownFileType = sourcecode.swift; path = SceneDelegate.swift; sourceTree = "<group>"; };
		170D518C2C69E5C900044598 /* ViewController.swift */ = {isa = PBXFileReference; lastKnownFileType = sourcecode.swift; path = ViewController.swift; sourceTree = "<group>"; };
		170D518F2C69E5C900044598 /* Base */ = {isa = PBXFileReference; lastKnownFileType = file.storyboard; name = Base; path = Base.lproj/Main.storyboard; sourceTree = "<group>"; };
		170D51912C69E5CA00044598 /* Assets.xcassets */ = {isa = PBXFileReference; lastKnownFileType = folder.assetcatalog; path = Assets.xcassets; sourceTree = "<group>"; };
		170D51942C69E5CA00044598 /* Base */ = {isa = PBXFileReference; lastKnownFileType = file.storyboard; name = Base; path = Base.lproj/LaunchScreen.storyboard; sourceTree = "<group>"; };
		170D51962C69E5CA00044598 /* Info.plist */ = {isa = PBXFileReference; lastKnownFileType = text.plist.xml; path = Info.plist; sourceTree = "<group>"; };
		170D519C2C69EF5100044598 /* MobileNetV2.mlmodel */ = {isa = PBXFileReference; lastKnownFileType = file.mlmodel; path = MobileNetV2.mlmodel; sourceTree = "<group>"; };
		170D519D2C69EF5100044598 /* MobileNetV2FP16.mlmodel */ = {isa = PBXFileReference; lastKnownFileType = file.mlmodel; path = MobileNetV2FP16.mlmodel; sourceTree = "<group>"; };
		170D519E2C69EF5100044598 /* MobileNetV2Int8LUT.mlmodel */ = {isa = PBXFileReference; lastKnownFileType = file.mlmodel; path = MobileNetV2Int8LUT.mlmodel; sourceTree = "<group>"; };
		170D51A32C6A05B000044598 /* ImagePredictor.swift */ = {isa = PBXFileReference; fileEncoding = 4; lastKnownFileType = sourcecode.swift; path = ImagePredictor.swift; sourceTree = "<group>"; };
		170D51A52C6A07CA00044598 /* CGImagePropertyOrientation+UIImageOrientation.swift */ = {isa = PBXFileReference; fileEncoding = 4; lastKnownFileType = sourcecode.swift; path = "CGImagePropertyOrientation+UIImageOrientation.swift"; sourceTree = "<group>"; };
		170D51A62C6A07CA00044598 /* VNClassificationObservation+confidenceString.swift */ = {isa = PBXFileReference; fileEncoding = 4; lastKnownFileType = sourcecode.swift; path = "VNClassificationObservation+confidenceString.swift"; sourceTree = "<group>"; };
		1756AC602C75C94C00E83F9B /* spark.png */ = {isa = PBXFileReference; lastKnownFileType = image.png; name = spark.png; path = coreMLTest/spark.png; sourceTree = SOURCE_ROOT; };
		1756AC622C75CA7200E83F9B /* explosion.png */ = {isa = PBXFileReference; lastKnownFileType = image.png; path = explosion.png; sourceTree = "<group>"; };
		1756AC642C75D44100E83F9B /* lamp.png */ = {isa = PBXFileReference; lastKnownFileType = image.png; path = lamp.png; sourceTree = "<group>"; };
		704272A585AD6BB76577DC54 /* Pods-coreMLTest.release.xcconfig */ = {isa = PBXFileReference; includeInIndex = 1; lastKnownFileType = text.xcconfig; name = "Pods-coreMLTest.release.xcconfig"; path = "Target Support Files/Pods-coreMLTest/Pods-coreMLTest.release.xcconfig"; sourceTree = "<group>"; };
		AD67857EEDF8F8B8D75EC4B7 /* Pods_coreMLTest.framework */ = {isa = PBXFileReference; explicitFileType = wrapper.framework; includeInIndex = 0; path = Pods_coreMLTest.framework; sourceTree = BUILT_PRODUCTS_DIR; };
		EF07F91857BF6174D6A99569 /* Pods-coreMLTest.debug.xcconfig */ = {isa = PBXFileReference; includeInIndex = 1; lastKnownFileType = text.xcconfig; name = "Pods-coreMLTest.debug.xcconfig"; path = "Target Support Files/Pods-coreMLTest/Pods-coreMLTest.debug.xcconfig"; sourceTree = "<group>"; };
/* End PBXFileReference section */

/* Begin PBXFrameworksBuildPhase section */
		170D51822C69E5C900044598 /* Frameworks */ = {
			isa = PBXFrameworksBuildPhase;
			buildActionMask = 2147483647;
			files = (
				783D1BA64136AE81C09783D8 /* Pods_coreMLTest.framework in Frameworks */,
			);
			runOnlyForDeploymentPostprocessing = 0;
		};
/* End PBXFrameworksBuildPhase section */

/* Begin PBXGroup section */
		170D517C2C69E5C900044598 = {
			isa = PBXGroup;
			children = (
				170D51872C69E5C900044598 /* coreMLTest */,
				170D51862C69E5C900044598 /* Products */,
				EC6182EDB1F795A89AAA001D /* Pods */,
				31843F4E0E8205938EFF8C38 /* Frameworks */,
			);
			sourceTree = "<group>";
		};
		170D51862C69E5C900044598 /* Products */ = {
			isa = PBXGroup;
			children = (
				170D51852C69E5C900044598 /* coreMLTest.app */,
			);
			name = Products;
			sourceTree = "<group>";
		};
		170D51872C69E5C900044598 /* coreMLTest */ = {
			isa = PBXGroup;
			children = (
				170D519F2C69EF5100044598 /* MLData */,
				1756AC602C75C94C00E83F9B /* spark.png */,
				1756AC622C75CA7200E83F9B /* explosion.png */,
				1756AC642C75D44100E83F9B /* lamp.png */,
				170D51882C69E5C900044598 /* AppDelegate.swift */,
				170D518A2C69E5C900044598 /* SceneDelegate.swift */,
				170D518C2C69E5C900044598 /* ViewController.swift */,
				170D518E2C69E5C900044598 /* Main.storyboard */,
				170D51A32C6A05B000044598 /* ImagePredictor.swift */,
				170D51A52C6A07CA00044598 /* CGImagePropertyOrientation+UIImageOrientation.swift */,
				170D51A62C6A07CA00044598 /* VNClassificationObservation+confidenceString.swift */,
				170D51912C69E5CA00044598 /* Assets.xcassets */,
				170D51932C69E5CA00044598 /* LaunchScreen.storyboard */,
				170D51962C69E5CA00044598 /* Info.plist */,
			);
			path = coreMLTest;
			sourceTree = "<group>";
		};
		170D519F2C69EF5100044598 /* MLData */ = {
			isa = PBXGroup;
			children = (
				170D519C2C69EF5100044598 /* MobileNetV2.mlmodel */,
				170D519D2C69EF5100044598 /* MobileNetV2FP16.mlmodel */,
				170D519E2C69EF5100044598 /* MobileNetV2Int8LUT.mlmodel */,
			);
			path = MLData;
			sourceTree = "<group>";
		};
		31843F4E0E8205938EFF8C38 /* Frameworks */ = {
			isa = PBXGroup;
			children = (
				AD67857EEDF8F8B8D75EC4B7 /* Pods_coreMLTest.framework */,
			);
			name = Frameworks;
			sourceTree = "<group>";
		};
		EC6182EDB1F795A89AAA001D /* Pods */ = {
			isa = PBXGroup;
			children = (
				EF07F91857BF6174D6A99569 /* Pods-coreMLTest.debug.xcconfig */,
				704272A585AD6BB76577DC54 /* Pods-coreMLTest.release.xcconfig */,
			);
			path = Pods;
			sourceTree = "<group>";
		};
/* End PBXGroup section */

/* Begin PBXNativeTarget section */
		170D51842C69E5C900044598 /* coreMLTest */ = {
			isa = PBXNativeTarget;
			buildConfigurationList = 170D51992C69E5CA00044598 /* Build configuration list for PBXNativeTarget "coreMLTest" */;
			buildPhases = (
				3E30D5C85134CB48403EAFCF /* [CP] Check Pods Manifest.lock */,
				170D51812C69E5C900044598 /* Sources */,
				170D51822C69E5C900044598 /* Frameworks */,
				170D51832C69E5C900044598 /* Resources */,
				68901FB8D3564D54A1C4E3C2 /* [CP] Embed Pods Frameworks */,
				580695F57C57D1C72B39642D /* [CP] Copy Pods Resources */,
			);
			buildRules = (
			);
			dependencies = (
			);
			name = coreMLTest;
			productName = coreMLTest;
			productReference = 170D51852C69E5C900044598 /* coreMLTest.app */;
			productType = "com.apple.product-type.application";
		};
/* End PBXNativeTarget section */

/* Begin PBXProject section */
		170D517D2C69E5C900044598 /* Project object */ = {
			isa = PBXProject;
			attributes = {
				BuildIndependentTargetsInParallel = 1;
				LastSwiftUpdateCheck = 1540;
				LastUpgradeCheck = 1540;
				TargetAttributes = {
					170D51842C69E5C900044598 = {
						CreatedOnToolsVersion = 15.4;
					};
				};
			};
			buildConfigurationList = 170D51802C69E5C900044598 /* Build configuration list for PBXProject "coreMLTest" */;
			compatibilityVersion = "Xcode 14.0";
			developmentRegion = en;
			hasScannedForEncodings = 0;
			knownRegions = (
				en,
				Base,
			);
			mainGroup = 170D517C2C69E5C900044598;
			productRefGroup = 170D51862C69E5C900044598 /* Products */;
			projectDirPath = "";
			projectRoot = "";
			targets = (
				170D51842C69E5C900044598 /* coreMLTest */,
			);
		};
/* End PBXProject section */

/* Begin PBXResourcesBuildPhase section */
		170D51832C69E5C900044598 /* Resources */ = {
			isa = PBXResourcesBuildPhase;
			buildActionMask = 2147483647;
			files = (
				170D51922C69E5CA00044598 /* Assets.xcassets in Resources */,
				1756AC612C75C94C00E83F9B /* spark.png in Resources */,
				170D51952C69E5CA00044598 /* Base in Resources */,
				170D51902C69E5C900044598 /* Base in Resources */,
				1756AC632C75CA7200E83F9B /* explosion.png in Resources */,
				1756AC652C75D44200E83F9B /* lamp.png in Resources */,
			);
			runOnlyForDeploymentPostprocessing = 0;
		};
/* End PBXResourcesBuildPhase section */

/* Begin PBXShellScriptBuildPhase section */
		3E30D5C85134CB48403EAFCF /* [CP] Check Pods Manifest.lock */ = {
			isa = PBXShellScriptBuildPhase;
			buildActionMask = 2147483647;
			files = (
			);
			inputFileListPaths = (
			);
			inputPaths = (
				"${PODS_PODFILE_DIR_PATH}/Podfile.lock",
				"${PODS_ROOT}/Manifest.lock",
			);
			name = "[CP] Check Pods Manifest.lock";
			outputFileListPaths = (
			);
			outputPaths = (
				"$(DERIVED_FILE_DIR)/Pods-coreMLTest-checkManifestLockResult.txt",
			);
			runOnlyForDeploymentPostprocessing = 0;
			shellPath = /bin/sh;
			shellScript = "diff \"${PODS_PODFILE_DIR_PATH}/Podfile.lock\" \"${PODS_ROOT}/Manifest.lock\" > /dev/null\nif [ $? != 0 ] ; then\n    # print error to STDERR\n    echo \"error: The sandbox is not in sync with the Podfile.lock. Run 'pod install' or update your CocoaPods installation.\" >&2\n    exit 1\nfi\n# This output is used by Xcode 'outputs' to avoid re-running this script phase.\necho \"SUCCESS\" > \"${SCRIPT_OUTPUT_FILE_0}\"\n";
			showEnvVarsInLog = 0;
		};
		580695F57C57D1C72B39642D /* [CP] Copy Pods Resources */ = {
			isa = PBXShellScriptBuildPhase;
			buildActionMask = 2147483647;
			files = (
			);
			inputFileListPaths = (
				"${PODS_ROOT}/Target Support Files/Pods-coreMLTest/Pods-coreMLTest-resources-${CONFIGURATION}-input-files.xcfilelist",
			);
			name = "[CP] Copy Pods Resources";
			outputFileListPaths = (
				"${PODS_ROOT}/Target Support Files/Pods-coreMLTest/Pods-coreMLTest-resources-${CONFIGURATION}-output-files.xcfilelist",
			);
			runOnlyForDeploymentPostprocessing = 0;
			shellPath = /bin/sh;
			shellScript = "\"${PODS_ROOT}/Target Support Files/Pods-coreMLTest/Pods-coreMLTest-resources.sh\"\n";
			showEnvVarsInLog = 0;
		};
		68901FB8D3564D54A1C4E3C2 /* [CP] Embed Pods Frameworks */ = {
			isa = PBXShellScriptBuildPhase;
			buildActionMask = 2147483647;
			files = (
			);
			inputFileListPaths = (
				"${PODS_ROOT}/Target Support Files/Pods-coreMLTest/Pods-coreMLTest-frameworks-${CONFIGURATION}-input-files.xcfilelist",
			);
			name = "[CP] Embed Pods Frameworks";
			outputFileListPaths = (
				"${PODS_ROOT}/Target Support Files/Pods-coreMLTest/Pods-coreMLTest-frameworks-${CONFIGURATION}-output-files.xcfilelist",
			);
			runOnlyForDeploymentPostprocessing = 0;
			shellPath = /bin/sh;
			shellScript = "\"${PODS_ROOT}/Target Support Files/Pods-coreMLTest/Pods-coreMLTest-frameworks.sh\"\n";
			showEnvVarsInLog = 0;
		};
/* End PBXShellScriptBuildPhase section */

/* Begin PBXSourcesBuildPhase section */
		170D51812C69E5C900044598 /* Sources */ = {
			isa = PBXSourcesBuildPhase;
			buildActionMask = 2147483647;
			files = (
				170D518D2C69E5C900044598 /* ViewController.swift in Sources */,
				170D51A22C69EF5100044598 /* MobileNetV2Int8LUT.mlmodel in Sources */,
				170D51A82C6A07CA00044598 /* VNClassificationObservation+confidenceString.swift in Sources */,
				170D51892C69E5C900044598 /* AppDelegate.swift in Sources */,
				170D51A02C69EF5100044598 /* MobileNetV2.mlmodel in Sources */,
				170D51A72C6A07CA00044598 /* CGImagePropertyOrientation+UIImageOrientation.swift in Sources */,
				170D51A42C6A05B000044598 /* ImagePredictor.swift in Sources */,
				170D51A12C69EF5100044598 /* MobileNetV2FP16.mlmodel in Sources */,
				170D518B2C69E5C900044598 /* SceneDelegate.swift in Sources */,
			);
			runOnlyForDeploymentPostprocessing = 0;
		};
/* End PBXSourcesBuildPhase section */

/* Begin PBXVariantGroup section */
		170D518E2C69E5C900044598 /* Main.storyboard */ = {
			isa = PBXVariantGroup;
			children = (
				170D518F2C69E5C900044598 /* Base */,
			);
			name = Main.storyboard;
			sourceTree = "<group>";
		};
		170D51932C69E5CA00044598 /* LaunchScreen.storyboard */ = {
			isa = PBXVariantGroup;
			children = (
				170D51942C69E5CA00044598 /* Base */,
			);
			name = LaunchScreen.storyboard;
			sourceTree = "<group>";
		};
/* End PBXVariantGroup section */

/* Begin XCBuildConfiguration section */
		170D51972C69E5CA00044598 /* Debug */ = {
			isa = XCBuildConfiguration;
			buildSettings = {
				ALWAYS_SEARCH_USER_PATHS = NO;
				ASSETCATALOG_COMPILER_GENERATE_SWIFT_ASSET_SYMBOL_EXTENSIONS = YES;
				CLANG_ANALYZER_NONNULL = YES;
				CLANG_ANALYZER_NUMBER_OBJECT_CONVERSION = YES_AGGRESSIVE;
				CLANG_CXX_LANGUAGE_STANDARD = "gnu++20";
				CLANG_ENABLE_MODULES = YES;
				CLANG_ENABLE_OBJC_ARC = YES;
				CLANG_ENABLE_OBJC_WEAK = YES;
				CLANG_WARN_BLOCK_CAPTURE_AUTORELEASING = YES;
				CLANG_WARN_BOOL_CONVERSION = YES;
				CLANG_WARN_COMMA = YES;
				CLANG_WARN_CONSTANT_CONVERSION = YES;
				CLANG_WARN_DEPRECATED_OBJC_IMPLEMENTATIONS = YES;
				CLANG_WARN_DIRECT_OBJC_ISA_USAGE = YES_ERROR;
				CLANG_WARN_DOCUMENTATION_COMMENTS = YES;
				CLANG_WARN_EMPTY_BODY = YES;
				CLANG_WARN_ENUM_CONVERSION = YES;
				CLANG_WARN_INFINITE_RECURSION = YES;
				CLANG_WARN_INT_CONVERSION = YES;
				CLANG_WARN_NON_LITERAL_NULL_CONVERSION = YES;
				CLANG_WARN_OBJC_IMPLICIT_RETAIN_SELF = YES;
				CLANG_WARN_OBJC_LITERAL_CONVERSION = YES;
				CLANG_WARN_OBJC_ROOT_CLASS = YES_ERROR;
				CLANG_WARN_QUOTED_INCLUDE_IN_FRAMEWORK_HEADER = YES;
				CLANG_WARN_RANGE_LOOP_ANALYSIS = YES;
				CLANG_WARN_STRICT_PROTOTYPES = YES;
				CLANG_WARN_SUSPICIOUS_MOVE = YES;
				CLANG_WARN_UNGUARDED_AVAILABILITY = YES_AGGRESSIVE;
				CLANG_WARN_UNREACHABLE_CODE = YES;
				CLANG_WARN__DUPLICATE_METHOD_MATCH = YES;
				COPY_PHASE_STRIP = NO;
				DEBUG_INFORMATION_FORMAT = dwarf;
				ENABLE_STRICT_OBJC_MSGSEND = YES;
				ENABLE_TESTABILITY = YES;
				ENABLE_USER_SCRIPT_SANDBOXING = YES;
				GCC_C_LANGUAGE_STANDARD = gnu17;
				GCC_DYNAMIC_NO_PIC = NO;
				GCC_NO_COMMON_BLOCKS = YES;
				GCC_OPTIMIZATION_LEVEL = 0;
				GCC_PREPROCESSOR_DEFINITIONS = (
					"DEBUG=1",
					"$(inherited)",
				);
				GCC_WARN_64_TO_32_BIT_CONVERSION = YES;
				GCC_WARN_ABOUT_RETURN_TYPE = YES_ERROR;
				GCC_WARN_UNDECLARED_SELECTOR = YES;
				GCC_WARN_UNINITIALIZED_AUTOS = YES_AGGRESSIVE;
				GCC_WARN_UNUSED_FUNCTION = YES;
				GCC_WARN_UNUSED_VARIABLE = YES;
				IPHONEOS_DEPLOYMENT_TARGET = 17.5;
				LOCALIZATION_PREFERS_STRING_CATALOGS = YES;
				MTL_ENABLE_DEBUG_INFO = INCLUDE_SOURCE;
				MTL_FAST_MATH = YES;
				ONLY_ACTIVE_ARCH = YES;
				SDKROOT = iphoneos;
				SWIFT_ACTIVE_COMPILATION_CONDITIONS = "DEBUG $(inherited)";
				SWIFT_OPTIMIZATION_LEVEL = "-Onone";
			};
			name = Debug;
		};
		170D51982C69E5CA00044598 /* Release */ = {
			isa = XCBuildConfiguration;
			buildSettings = {
				ALWAYS_SEARCH_USER_PATHS = NO;
				ASSETCATALOG_COMPILER_GENERATE_SWIFT_ASSET_SYMBOL_EXTENSIONS = YES;
				CLANG_ANALYZER_NONNULL = YES;
				CLANG_ANALYZER_NUMBER_OBJECT_CONVERSION = YES_AGGRESSIVE;
				CLANG_CXX_LANGUAGE_STANDARD = "gnu++20";
				CLANG_ENABLE_MODULES = YES;
				CLANG_ENABLE_OBJC_ARC = YES;
				CLANG_ENABLE_OBJC_WEAK = YES;
				CLANG_WARN_BLOCK_CAPTURE_AUTORELEASING = YES;
				CLANG_WARN_BOOL_CONVERSION = YES;
				CLANG_WARN_COMMA = YES;
				CLANG_WARN_CONSTANT_CONVERSION = YES;
				CLANG_WARN_DEPRECATED_OBJC_IMPLEMENTATIONS = YES;
				CLANG_WARN_DIRECT_OBJC_ISA_USAGE = YES_ERROR;
				CLANG_WARN_DOCUMENTATION_COMMENTS = YES;
				CLANG_WARN_EMPTY_BODY = YES;
				CLANG_WARN_ENUM_CONVERSION = YES;
				CLANG_WARN_INFINITE_RECURSION = YES;
				CLANG_WARN_INT_CONVERSION = YES;
				CLANG_WARN_NON_LITERAL_NULL_CONVERSION = YES;
				CLANG_WARN_OBJC_IMPLICIT_RETAIN_SELF = YES;
				CLANG_WARN_OBJC_LITERAL_CONVERSION = YES;
				CLANG_WARN_OBJC_ROOT_CLASS = YES_ERROR;
				CLANG_WARN_QUOTED_INCLUDE_IN_FRAMEWORK_HEADER = YES;
				CLANG_WARN_RANGE_LOOP_ANALYSIS = YES;
				CLANG_WARN_STRICT_PROTOTYPES = YES;
				CLANG_WARN_SUSPICIOUS_MOVE = YES;
				CLANG_WARN_UNGUARDED_AVAILABILITY = YES_AGGRESSIVE;
				CLANG_WARN_UNREACHABLE_CODE = YES;
				CLANG_WARN__DUPLICATE_METHOD_MATCH = YES;
				COPY_PHASE_STRIP = NO;
				DEBUG_INFORMATION_FORMAT = "dwarf-with-dsym";
				ENABLE_NS_ASSERTIONS = NO;
				ENABLE_STRICT_OBJC_MSGSEND = YES;
				ENABLE_USER_SCRIPT_SANDBOXING = YES;
				GCC_C_LANGUAGE_STANDARD = gnu17;
				GCC_NO_COMMON_BLOCKS = YES;
				GCC_WARN_64_TO_32_BIT_CONVERSION = YES;
				GCC_WARN_ABOUT_RETURN_TYPE = YES_ERROR;
				GCC_WARN_UNDECLARED_SELECTOR = YES;
				GCC_WARN_UNINITIALIZED_AUTOS = YES_AGGRESSIVE;
				GCC_WARN_UNUSED_FUNCTION = YES;
				GCC_WARN_UNUSED_VARIABLE = YES;
				IPHONEOS_DEPLOYMENT_TARGET = 17.5;
				LOCALIZATION_PREFERS_STRING_CATALOGS = YES;
				MTL_ENABLE_DEBUG_INFO = NO;
				MTL_FAST_MATH = YES;
				SDKROOT = iphoneos;
				SWIFT_COMPILATION_MODE = wholemodule;
				VALIDATE_PRODUCT = YES;
			};
			name = Release;
		};
		170D519A2C69E5CA00044598 /* Debug */ = {
			isa = XCBuildConfiguration;
			baseConfigurationReference = EF07F91857BF6174D6A99569 /* Pods-coreMLTest.debug.xcconfig */;
			buildSettings = {
				ASSETCATALOG_COMPILER_APPICON_NAME = AppIcon;
				ASSETCATALOG_COMPILER_GLOBAL_ACCENT_COLOR_NAME = AccentColor;
				CODE_SIGN_STYLE = Automatic;
				CURRENT_PROJECT_VERSION = 1;
				DEVELOPMENT_TEAM = XFSPHXXWZY;
				ENABLE_USER_SCRIPT_SANDBOXING = NO;
				GENERATE_INFOPLIST_FILE = YES;
				INFOPLIST_FILE = coreMLTest/Info.plist;
				INFOPLIST_KEY_UIApplicationSupportsIndirectInputEvents = YES;
				INFOPLIST_KEY_UILaunchStoryboardName = LaunchScreen;
				INFOPLIST_KEY_UIMainStoryboardFile = Main;
				INFOPLIST_KEY_UISupportedInterfaceOrientations = UIInterfaceOrientationPortrait;
				IPHONEOS_DEPLOYMENT_TARGET = 16.0;
				LD_RUNPATH_SEARCH_PATHS = (
					"$(inherited)",
					"@executable_path/Frameworks",
				);
				MARKETING_VERSION = 1.0;
				PRODUCT_BUNDLE_IDENTIFIER = com.hailuo.coreMLTest;
				PRODUCT_NAME = "$(TARGET_NAME)";
				SWIFT_EMIT_LOC_STRINGS = YES;
				SWIFT_VERSION = 5.0;
				TARGETED_DEVICE_FAMILY = "1,2";
			};
			name = Debug;
		};
		170D519B2C69E5CA00044598 /* Release */ = {
			isa = XCBuildConfiguration;
			baseConfigurationReference = 704272A585AD6BB76577DC54 /* Pods-coreMLTest.release.xcconfig */;
			buildSettings = {
				ASSETCATALOG_COMPILER_APPICON_NAME = AppIcon;
				ASSETCATALOG_COMPILER_GLOBAL_ACCENT_COLOR_NAME = AccentColor;
				CODE_SIGN_STYLE = Automatic;
				CURRENT_PROJECT_VERSION = 1;
				DEVELOPMENT_TEAM = XFSPHXXWZY;
				ENABLE_USER_SCRIPT_SANDBOXING = NO;
				GENERATE_INFOPLIST_FILE = YES;
				INFOPLIST_FILE = coreMLTest/Info.plist;
				INFOPLIST_KEY_UIApplicationSupportsIndirectInputEvents = YES;
				INFOPLIST_KEY_UILaunchStoryboardName = LaunchScreen;
				INFOPLIST_KEY_UIMainStoryboardFile = Main;
				INFOPLIST_KEY_UISupportedInterfaceOrientations = UIInterfaceOrientationPortrait;
				IPHONEOS_DEPLOYMENT_TARGET = 16.0;
				LD_RUNPATH_SEARCH_PATHS = (
					"$(inherited)",
					"@executable_path/Frameworks",
				);
				MARKETING_VERSION = 1.0;
				PRODUCT_BUNDLE_IDENTIFIER = com.hailuo.coreMLTest;
				PRODUCT_NAME = "$(TARGET_NAME)";
				SWIFT_EMIT_LOC_STRINGS = YES;
				SWIFT_VERSION = 5.0;
				TARGETED_DEVICE_FAMILY = "1,2";
			};
			name = Release;
		};
/* End XCBuildConfiguration section */

/* Begin XCConfigurationList section */
		170D51802C69E5C900044598 /* Build configuration list for PBXProject "coreMLTest" */ = {
			isa = XCConfigurationList;
			buildConfigurations = (
				170D51972C69E5CA00044598 /* Debug */,
				170D51982C69E5CA00044598 /* Release */,
			);
			defaultConfigurationIsVisible = 0;
			defaultConfigurationName = Release;
		};
		170D51992C69E5CA00044598 /* Build configuration list for PBXNativeTarget "coreMLTest" */ = {
			isa = XCConfigurationList;
			buildConfigurations = (
				170D519A2C69E5CA00044598 /* Debug */,
				170D519B2C69E5CA00044598 /* Release */,
			);
			defaultConfigurationIsVisible = 0;
			defaultConfigurationName = Release;
		};
/* End XCConfigurationList section */
	};
	rootObject = 170D517D2C69E5C900044598 /* Project object */;
}
